
Microsoft Visual Studio Solution File, Format Version 12.00
# Visual Studio 15
VisualStudioVersion = 15.0.27130.2010
MinimumVisualStudioVersion = 10.0.40219.1
Project("{FAE04EC0-301F-11D3-BF4B-00C04F79EFBC}") = "glTF", "glTF\glTF.csproj", "{FCA0675C-941E-4992-BBEF-1479013C2CB8}"
EndProject
Global
	GlobalSection(SolutionConfigurationPlatforms) = preSolution
		Debug|Any CPU = Debug|Any CPU
		Release|Any CPU = Release|Any CPU
	EndGlobalSection
	GlobalSection(ProjectConfigurationPlatforms) = postSolution
		{FCA0675C-941E-4992-BBEF-1479013C2CB8}.Debug|Any CPU.ActiveCfg = Debug|Any CPU
		{FCA0675C-941E-4992-BBEF-1479013C2CB8}.Debug|Any CPU.Build.0 = Debug|Any CPU
		{FCA0675C-941E-4992-BBEF-1479013C2CB8}.Release|Any CPU.ActiveCfg = Release|Any CPU
		{FCA0675C-941E-4992-BBEF-1479013C2CB8}.Release|Any CPU.Build.0 = Release|Any CPU
	EndGlobalSection
	GlobalSection(SolutionProperties) = preSolution
		HideSolutionNode = FALSE
	EndGlobalSection
	GlobalSection(ExtensibilityGlobals) = postSolution
		SolutionGuid = {94C7FABE-B853-4FBC-B03C-BE4BA98B0ADB}
	EndGlobalSection
EndGlobal
