
Microsoft Visual Studio Solution File, Format Version 12.00
# Visual Studio Version 17
VisualStudioVersion = 17.11.35312.102
MinimumVisualStudioVersion = 10.0.40219.1
Project("{8BC9CEB8-8B4A-11D0-8D11-00A0C91BC942}") = "ExplorerCommand", "ExplorerCommand\ExplorerCommand.vcxproj", "{294B1862-6E77-4F1E-A542-85F1FA7F7C05}"
EndProject
Project("{9A19103F-16F7-4668-BE54-9A1E7A4F7556}") = "glTF", "glTF\glTF.csproj", "{DB2FA8BC-AE9F-43C5-9EC3-E1E8F7DD0FE8}"
EndProject
Project("{C7167F0D-BC9F-4E6E-AFE1-012C56B48DB5}") = "Package", "Package\Package.wapproj", "{13B11981-BD9F-4769-B89E-84271568C258}"
EndProject
Global
	GlobalSection(SolutionConfigurationPlatforms) = preSolution
		Debug|ARM64 = Debug|ARM64
		Debug|x64 = Debug|x64
		Debug|x86 = Debug|x86
		Release|ARM64 = Release|ARM64
		Release|x64 = Release|x64
		Release|x86 = Release|x86
	EndGlobalSection
	GlobalSection(ProjectConfigurationPlatforms) = postSolution
		{294B1862-6E77-4F1E-A542-85F1FA7F7C05}.Debug|ARM64.ActiveCfg = Debug|ARM64
		{294B1862-6E77-4F1E-A542-85F1FA7F7C05}.Debug|ARM64.Build.0 = Debug|ARM64
		{294B1862-6E77-4F1E-A542-85F1FA7F7C05}.Debug|x64.ActiveCfg = Debug|x64
		{294B1862-6E77-4F1E-A542-85F1FA7F7C05}.Debug|x64.Build.0 = Debug|x64
		{294B1862-6E77-4F1E-A542-85F1FA7F7C05}.Debug|x86.ActiveCfg = Debug|Win32
		{294B1862-6E77-4F1E-A542-85F1FA7F7C05}.Debug|x86.Build.0 = Debug|Win32
		{294B1862-6E77-4F1E-A542-85F1FA7F7C05}.Release|ARM64.ActiveCfg = Release|ARM64
		{294B1862-6E77-4F1E-A542-85F1FA7F7C05}.Release|ARM64.Build.0 = Release|ARM64
		{294B1862-6E77-4F1E-A542-85F1FA7F7C05}.Release|x64.ActiveCfg = Release|x64
		{294B1862-6E77-4F1E-A542-85F1FA7F7C05}.Release|x64.Build.0 = Release|x64
		{294B1862-6E77-4F1E-A542-85F1FA7F7C05}.Release|x86.ActiveCfg = Release|Win32
		{294B1862-6E77-4F1E-A542-85F1FA7F7C05}.Release|x86.Build.0 = Release|Win32
		{DB2FA8BC-AE9F-43C5-9EC3-E1E8F7DD0FE8}.Debug|ARM64.ActiveCfg = Debug|ARM64
		{DB2FA8BC-AE9F-43C5-9EC3-E1E8F7DD0FE8}.Debug|ARM64.Build.0 = Debug|ARM64
		{DB2FA8BC-AE9F-43C5-9EC3-E1E8F7DD0FE8}.Debug|x64.ActiveCfg = Debug|x64
		{DB2FA8BC-AE9F-43C5-9EC3-E1E8F7DD0FE8}.Debug|x64.Build.0 = Debug|x64
		{DB2FA8BC-AE9F-43C5-9EC3-E1E8F7DD0FE8}.Debug|x86.ActiveCfg = Debug|x86
		{DB2FA8BC-AE9F-43C5-9EC3-E1E8F7DD0FE8}.Debug|x86.Build.0 = Debug|x86
		{DB2FA8BC-AE9F-43C5-9EC3-E1E8F7DD0FE8}.Release|ARM64.ActiveCfg = Release|ARM64
		{DB2FA8BC-AE9F-43C5-9EC3-E1E8F7DD0FE8}.Release|ARM64.Build.0 = Release|ARM64
		{DB2FA8BC-AE9F-43C5-9EC3-E1E8F7DD0FE8}.Release|x64.ActiveCfg = Release|x64
		{DB2FA8BC-AE9F-43C5-9EC3-E1E8F7DD0FE8}.Release|x64.Build.0 = Release|x64
		{DB2FA8BC-AE9F-43C5-9EC3-E1E8F7DD0FE8}.Release|x86.ActiveCfg = Release|x86
		{DB2FA8BC-AE9F-43C5-9EC3-E1E8F7DD0FE8}.Release|x86.Build.0 = Release|x86
		{13B11981-BD9F-4769-B89E-84271568C258}.Debug|ARM64.ActiveCfg = Debug|ARM64
		{13B11981-BD9F-4769-B89E-84271568C258}.Debug|ARM64.Build.0 = Debug|ARM64
		{13B11981-BD9F-4769-B89E-84271568C258}.Debug|ARM64.Deploy.0 = Debug|ARM64
		{13B11981-BD9F-4769-B89E-84271568C258}.Debug|x64.ActiveCfg = Debug|x64
		{13B11981-BD9F-4769-B89E-84271568C258}.Debug|x64.Build.0 = Debug|x64
		{13B11981-BD9F-4769-B89E-84271568C258}.Debug|x64.Deploy.0 = Debug|x64
		{13B11981-BD9F-4769-B89E-84271568C258}.Debug|x86.ActiveCfg = Debug|x86
		{13B11981-BD9F-4769-B89E-84271568C258}.Debug|x86.Build.0 = Debug|x86
		{13B11981-BD9F-4769-B89E-84271568C258}.Debug|x86.Deploy.0 = Debug|x86
		{13B11981-BD9F-4769-B89E-84271568C258}.Release|ARM64.ActiveCfg = Release|ARM64
		{13B11981-BD9F-4769-B89E-84271568C258}.Release|ARM64.Build.0 = Release|ARM64
		{13B11981-BD9F-4769-B89E-84271568C258}.Release|ARM64.Deploy.0 = Release|ARM64
		{13B11981-BD9F-4769-B89E-84271568C258}.Release|x64.ActiveCfg = Release|x64
		{13B11981-BD9F-4769-B89E-84271568C258}.Release|x64.Build.0 = Release|x64
		{13B11981-BD9F-4769-B89E-84271568C258}.Release|x64.Deploy.0 = Release|x64
		{13B11981-BD9F-4769-B89E-84271568C258}.Release|x86.ActiveCfg = Release|x86
		{13B11981-BD9F-4769-B89E-84271568C258}.Release|x86.Build.0 = Release|x86
		{13B11981-BD9F-4769-B89E-84271568C258}.Release|x86.Deploy.0 = Release|x86
	EndGlobalSection
	GlobalSection(SolutionProperties) = preSolution
		HideSolutionNode = FALSE
	EndGlobalSection
	GlobalSection(ExtensibilityGlobals) = postSolution
		SolutionGuid = {94C7FABE-B853-4FBC-B03C-BE4BA98B0ADB}
	EndGlobalSection
EndGlobal
